{"SurveyEntry":{"SurveyID":"SV_03AAGFEmwuXxkwe","SurveyName":"CSDC conjoint workshop","SurveyDescription":null,"SurveyOwnerID":"UR_9Fgn1DKFHFPoEU5","SurveyBrandID":"mcgillcsdc","DivisionID":null,"SurveyLanguage":"EN","SurveyActiveResponseSet":"RS_1LIHWzUXLI1PJcO","SurveyStatus":"Active","SurveyStartDate":"0000-00-00 00:00:00","SurveyExpirationDate":"0000-00-00 00:00:00","SurveyCreationDate":"2021-01-30 17:24:09","CreatorID":"UR_9Fgn1DKFHFPoEU5","LastModified":"2021-02-01 10:18:19","LastAccessed":"0000-00-00 00:00:00","LastActivated":"2021-01-30 19:28:17","Deleted":null},"SurveyElements":[{"SurveyID":"SV_03AAGFEmwuXxkwe","Element":"BL","PrimaryAttribute":"Survey Blocks","SecondaryAttribute":null,"TertiaryAttribute":null,"Payload":[{"Type":"Default","Description":"Conjoint experiment","ID":"BL_6lEfakXYBhEBmpE","BlockElements":[{"Type":"Question","QuestionID":"QID1"},{"Type":"Page Break"},{"Type":"Question","QuestionID":"QID3"},{"Type":"Page Break"},{"Type":"Question","QuestionID":"QID4"}]},{"Type":"Trash","Description":"Trash \/ Unused Questions","ID":"BL_a4TwZs8cdAiWAGW","BlockElements":[{"Type":"Question","QuestionID":"QID2"}]}]},{"SurveyID":"SV_03AAGFEmwuXxkwe","Element":"FL","PrimaryAttribute":"Survey Flow","SecondaryAttribute":null,"TertiaryAttribute":null,"Payload":{"Type":"Root","FlowID":"FL_1","Flow":[{"Type":"EmbeddedData","FlowID":"FL_4","EmbeddedData":[{"Description":"traits1a","Type":"Recipient","Field":"traits1a","VariableType":"String","DataVisibility":[],"AnalyzeText":false},{"Description":"traits1b","Type":"Recipient","Field":"traits1b","VariableType":"String","DataVisibility":[],"AnalyzeText":false},{"Description":"traits2a","Type":"Recipient","Field":"traits2a","VariableType":"String","DataVisibility":[],"AnalyzeText":false},{"Description":"traits2b","Type":"Recipient","Field":"traits2b","VariableType":"String","DataVisibility":[],"AnalyzeText":false},{"Description":"traits3a","Type":"Recipient","Field":"traits3a","VariableType":"String","DataVisibility":[],"AnalyzeText":false},{"Description":"traits3b","Type":"Recipient","Field":"traits3b","VariableType":"String","DataVisibility":[],"AnalyzeText":false}]},{"Type":"WebService","FlowID":"FL_3","URL":"http:\/\/reporting.qualtrics.com\/projects\/randomNumGen.php","Method":"GET","RequestParams":[{"key":"min","value":"0"},{"key":"max","value":"99999999999"}],"EditBodyParams":[],"Body":[],"ContentType":"application\/x-www-form-urlencoded","Headers":[],"ResponseMap":[{"key":"random","value":"seed1"}],"FireAndForget":false,"SchemaVersion":0,"StringifyValues":true},{"Type":"WebService","FlowID":"FL_5","URL":"http:\/\/reporting.qualtrics.com\/projects\/randomNumGen.php","Method":"GET","RequestParams":[{"key":"min","value":"0"},{"key":"max","value":"99999999999"}],"EditBodyParams":[],"Body":[],"ContentType":"application\/x-www-form-urlencoded","Headers":[],"ResponseMap":[{"key":"random","value":"seed2"}],"FireAndForget":false,"SchemaVersion":0,"StringifyValues":true},{"Type":"WebService","FlowID":"FL_6","URL":"http:\/\/reporting.qualtrics.com\/projects\/randomNumGen.php","Method":"GET","RequestParams":[{"key":"min","value":"0"},{"key":"max","value":"99999999999"}],"EditBodyParams":[],"Body":[],"ContentType":"application\/x-www-form-urlencoded","Headers":[],"ResponseMap":[{"key":"random","value":"seed3"}],"FireAndForget":false,"SchemaVersion":0,"StringifyValues":true},{"Type":"Block","ID":"BL_6lEfakXYBhEBmpE","FlowID":"FL_2","Autofill":[]}],"Properties":{"Count":6,"RemovedFieldsets":[]}}},{"SurveyID":"SV_03AAGFEmwuXxkwe","Element":"SO","PrimaryAttribute":"Survey Options","SecondaryAttribute":null,"TertiaryAttribute":null,"Payload":{"BackButton":"false","SaveAndContinue":"true","SurveyProtection":"PublicSurvey","BallotBoxStuffingPrevention":"false","NoIndex":"Yes","SecureResponseFiles":"true","SurveyExpiration":"None","SurveyTermination":"DefaultMessage","Header":"","Footer":"","ProgressBarDisplay":"None","PartialData":"+1 week","ValidationMessage":"","PreviousButton":" \u2190 ","NextButton":" \u2192 ","SurveyTitle":"Online Survey Software | Qualtrics Survey Solutions","SkinLibrary":"mcgillcsdc","SkinType":"templated","Skin":{"brandingId":null,"templateId":"*2014","overrides":null},"NewScoring":1,"ProtectSelectionIds":true}},{"SurveyID":"SV_03AAGFEmwuXxkwe","Element":"SCO","PrimaryAttribute":"Scoring","SecondaryAttribute":null,"TertiaryAttribute":null,"Payload":{"ScoringCategories":[],"ScoringCategoryGroups":[],"ScoringSummaryCategory":null,"ScoringSummaryAfterQuestions":0,"ScoringSummaryAfterSurvey":0,"DefaultScoringCategory":null,"AutoScoringCategory":null}},{"SurveyID":"SV_03AAGFEmwuXxkwe","Element":"PROJ","PrimaryAttribute":"CORE","SecondaryAttribute":null,"TertiaryAttribute":"1.1.0","Payload":{"ProjectCategory":"CORE","SchemaVersion":"1.1.0"}},{"SurveyID":"SV_03AAGFEmwuXxkwe","Element":"STAT","PrimaryAttribute":"Survey Statistics","SecondaryAttribute":null,"TertiaryAttribute":null,"Payload":{"MobileCompatible":true,"ID":"Survey Statistics"}},{"SurveyID":"SV_03AAGFEmwuXxkwe","Element":"QC","PrimaryAttribute":"Survey Question Count","SecondaryAttribute":"4","TertiaryAttribute":null,"Payload":null},{"SurveyID":"SV_03AAGFEmwuXxkwe","Element":"SQ","PrimaryAttribute":"QID3","SecondaryAttribute":"Cat A Cat B Which cat do you prefer?","TertiaryAttribute":null,"Payload":{"QuestionText":"\n<font size = \"3\"> \n\n<style>\ntable {\n    border-collapse: collapse;\n    \n}\n\ntable, td, th {\n    border: 1px solid black;\n}\n<\/style>\n\n    \n    <table border=1 frame=hsides rules=row style=\"width:90%; align:center; margin-left:auto; margin-right:auto; text-align:center; table-layout:fixed;\" cellspacing=\"4\" border-collapse: collapse;>\n        <tr border-bottom: 1px solid black;>\n            <td style=\"font-weight:bold; font-size:1.25em; font-align:center;\">Cat A<\/td>\n            <td style=\"font-weight:bold; font-size:1.25em; font-align:center;\">Cat B<\/td>\n        <\/tr>\n        <tr border-bottom: 1px solid black;>\n            <td id=\"a1\"><\/td>\n            <td id=\"b1\"><\/td>\n        <\/tr>\n        <tr>\n            <td id=\"a2\"><\/td>\n            <td id=\"b2\"><\/td>\n        <\/tr>\n        <tr>\n            <td id=\"a3\"><\/td>\n            <td id=\"b3\"><\/td>\n        <\/tr>\n        <tr>\n            <td id=\"a4\"><\/td>\n            <td id=\"b4\"><\/td>\n        <\/tr>\n        <tr>\n            <td id=\"a5\"><\/td>\n            <td id=\"b5\"><\/td>\n        <\/tr>\n        <tr>\n            <td id=\"a6\"><\/td>\n            <td id=\"b6\"><\/td>\n        <\/tr>\n    <\/table>\n    <\/font>\n    <br \/>\n    <span>\n        <p style=\"font-weight:bold;\">Which cat do you prefer?<\/p>\n    <\/span>\n    <script src=\"conjoint.js\"><\/script>","QuestionJS":"Qualtrics.SurveyEngine.addOnload(function()\n{\n\t\/*Place your JavaScript here to run when the page loads*\/\n\t\n\thttps:\/\/github.com\/davidbau\/seedrandom\/blob\/released\/seedrandom.min.js\n    !function(a,b){function c(c,j,k){var n=[];j=1==j?{entropy:!0}:j||{};var s=g(f(j.entropy?[c,i(a)]:null==c?h():c,3),n),t=new d(n),u=function(){for(var a=t.g(m),b=p,c=0;q>a;)a=(a+c)*l,b*=l,c=t.g(1);for(;a>=r;)a\/=2,b\/=2,c>>>=1;return(a+c)\/b};return u.int32=function(){return 0|t.g(4)},u.quick=function(){return t.g(4)\/4294967296},u[\"double\"]=u,g(i(t.S),a),(j.pass||k||function(a,c,d,f){return f&&(f.S&&e(f,t),a.state=function(){return e(t,{})}),d?(b[o]=a,c):a})(u,s,\"global\"in j?j.global:this==b,j.state)}function d(a){var b,c=a.length,d=this,e=0,f=d.i=d.j=0,g=d.S=[];for(c||(a=[c++]);l>e;)g[e]=e++;for(e=0;l>e;e++)g[e]=g[f=s&f+a[e%c]+(b=g[e])],g[f]=b;(d.g=function(a){for(var b,c=0,e=d.i,f=d.j,g=d.S;a--;)b=g[e=s&e+1],c=c*l+g[s&(g[e]=g[f=s&f+b])+(g[f]=b)];return d.i=e,d.j=f,c})(l)}function e(a,b){return b.i=a.i,b.j=a.j,b.S=a.S.slice(),b}function f(a,b){var c,d=[],e=typeof a;if(b&&\"object\"==e)for(c in a)try{d.push(f(a[c],b-1))}catch(g){}return d.length?d:\"string\"==e?a:a+\"\\0\"}function g(a,b){for(var c,d=a+\"\",e=0;e<d.length;)b[s&e]=s&(c^=19*b[s&e])+d.charCodeAt(e++);return i(b)}function h(){try{if(j)return i(j.randomBytes(l));var b=new Uint8Array(l);return(k.crypto||k.msCrypto).getRandomValues(b),i(b)}catch(c){var d=k.navigator,e=d&&d.plugins;return[+new Date,k,e,k.screen,i(a)]}}function i(a){return String.fromCharCode.apply(0,a)}var j,k=this,l=256,m=6,n=52,o=\"random\",p=b.pow(l,m),q=b.pow(2,n),r=2*q,s=l-1;if(b[\"seed\"+o]=c,g(b.random(),a),\"object\"==typeof module&&module.exports){module.exports=c;try{j=require(\"crypto\")}catch(t){}}else\"function\"==typeof define&&define.amd&&define(function(){return c})}([],Math);\n\n\/\/ seed random number generator from embedded data fields\n\/\/ conjoint profile 1\n\/\/ Math.seedrandom('${e:\/\/Field\/seed1}');\n\/\/ conjoint profile 2\nMath.seedrandom('${e:\/\/Field\/seed2}');\n\/\/ conjoint profile 3\n\/\/Math.seedrandom('${e:\/\/Field\/seed3}');\n\/\/ conjoint profile 4\n\/\/Math.seedrandom('${e:\/\/Field\/seed4}');\n\/\/ conjoint profile 5\n\/\/Math.seedrandom('${e:\/\/Field\/seed5}');\n\n\/\/ Create Variables for Traits associated with each dimension.\nvar vsex = [\"Male\", \"Female\"];\nvar vage = [\"3 months\", \"6 months\", \"1 year\", \"3 years\", \"7 years\", \"11 years\"]\nvar vcolor = [\"Black\", \"Light Brown\", \"White\", \"Light Grey\"]\nvar vlength = [\"Long hair\", \"Short Hair\"]\nvar vbreed = [\"Bengal\", \"Maine Coon\", \"Persian\", \"Moggie\"]\nvar vcharacter = [\"Energetic and cuddly\", \"Sleepy and solitary\", \"Energetic and solitary\", \"Sleepy and cuddly\"]\n\n\/\/ Use math.random to randomly select traits for each dimension for candidate A\ntraits_a = [vsex[Math.floor(Math.random()*vsex.length)],\n            vage[Math.floor(Math.random()*vage.length)],\n            vcolor[Math.floor(Math.random()*vcolor.length)],\n            vlength[Math.floor(Math.random()*vlength.length)],\n            vbreed[Math.floor(Math.random()*vbreed.length)],\n            vcharacter[Math.floor(Math.random()*vcharacter.length)]]\n\n\/\/ Use math.random to randomly select traits for each dimension for candidate B\ntraits_b = [vsex[Math.floor(Math.random()*vsex.length)],\nvage[Math.floor(Math.random()*vage.length)],\nvcolor[Math.floor(Math.random()*vcolor.length)],\nvlength[Math.floor(Math.random()*vlength.length)],\nvbreed[Math.floor(Math.random()*vbreed.length)],\nvcharacter[Math.floor(Math.random()*vcharacter.length)]]\n\n\/\/ Create list of variables to use when setting attributes\na_list = [\"a1\",\"a2\",\"a3\",\"a4\",\"a5\",\"a6\"];\nb_list = [\"b1\",\"b2\",\"b3\",\"b4\",\"b5\",\"b6\"];\n\n\/\/ set html values in conjoint table\nfor(i=0;i<6;i++){\n        document.getElementById(a_list[i]).innerHTML = traits_a[i];\n        document.getElementById(b_list[i]).innerHTML = traits_b[i];\n}\n\n\/\/ store values as embedded data fields\nQualtrics.SurveyEngine.setEmbeddedData('traits2a', traits_a.join(\"|\"));\nQualtrics.SurveyEngine.setEmbeddedData('traits2b', traits_b.join(\"|\"));\n\n\/\/Qualtrics.SurveyEngine.setEmbeddedData('traits2a', traits_a.join(\"|\"));\n\/\/Qualtrics.SurveyEngine.setEmbeddedData('traits2b', traits_b.join(\"|\"));\n\n\/\/Qualtrics.SurveyEngine.setEmbeddedData('traits3a', traits_a.join(\"|\"));\n\/\/Qualtrics.SurveyEngine.setEmbeddedData('traits3b', traits_b.join(\"|\"));\n\n\/\/Qualtrics.SurveyEngine.setEmbeddedData('traits4a', traits_a.join(\"|\"));\n\/\/Qualtrics.SurveyEngine.setEmbeddedData('traits4b', traits_b.join(\"|\"));\n\n\/\/Qualtrics.SurveyEngine.setEmbeddedData('traits5a', traits_a.join(\"|\"));\n\/\/Qualtrics.SurveyEngine.setEmbeddedData('traits5b', traits_b.join(\"|\"));\n\n});\n\nQualtrics.SurveyEngine.addOnReady(function()\n{\n\t\/*Place your JavaScript here to run when the page is fully displayed*\/\n\n});\n\nQualtrics.SurveyEngine.addOnUnload(function()\n{\n\t\/*Place your JavaScript here to run when the page is unloaded*\/\n\n});","DataExportTag":"conjoint_task2","QuestionType":"MC","Selector":"SAVR","SubSelector":"TX","DataVisibility":{"Private":false,"Hidden":false},"Configuration":{"QuestionDescriptionOption":"UseText","Autoscale":{"YScale":{"Name":"ReasonableUnreasonable","Type":"likert","Reverse":false}}},"QuestionDescription":"Cat A Cat B Which cat do you prefer?","Choices":{"1":{"Display":"Cat A"},"2":{"Display":"Cat B"}},"ChoiceOrder":[1,2],"Validation":{"Settings":{"ForceResponse":"OFF","ForceResponseType":"ON","Type":"None"}},"Language":[],"NextChoiceId":3,"NextAnswerId":1,"QuestionID":"QID3"}},{"SurveyID":"SV_03AAGFEmwuXxkwe","Element":"SQ","PrimaryAttribute":"QID4","SecondaryAttribute":"Cat A Cat B Which cat do you prefer?","TertiaryAttribute":null,"Payload":{"QuestionText":"\n<font size = \"3\"> \n\n<style>\ntable {\n    border-collapse: collapse;\n    \n}\n\ntable, td, th {\n    border: 1px solid black;\n}\n<\/style>\n\n    \n    <table border=1 frame=hsides rules=row style=\"width:90%; align:center; margin-left:auto; margin-right:auto; text-align:center; table-layout:fixed;\" cellspacing=\"4\" border-collapse: collapse;>\n        <tr border-bottom: 1px solid black;>\n            <td style=\"font-weight:bold; font-size:1.25em; font-align:center;\">Cat A<\/td>\n            <td style=\"font-weight:bold; font-size:1.25em; font-align:center;\">Cat B<\/td>\n        <\/tr>\n        <tr border-bottom: 1px solid black;>\n            <td id=\"a1\"><\/td>\n            <td id=\"b1\"><\/td>\n        <\/tr>\n        <tr>\n            <td id=\"a2\"><\/td>\n            <td id=\"b2\"><\/td>\n        <\/tr>\n        <tr>\n            <td id=\"a3\"><\/td>\n            <td id=\"b3\"><\/td>\n        <\/tr>\n        <tr>\n            <td id=\"a4\"><\/td>\n            <td id=\"b4\"><\/td>\n        <\/tr>\n        <tr>\n            <td id=\"a5\"><\/td>\n            <td id=\"b5\"><\/td>\n        <\/tr>\n        <tr>\n            <td id=\"a6\"><\/td>\n            <td id=\"b6\"><\/td>\n        <\/tr>\n    <\/table>\n    <\/font>\n    <br \/>\n    <span>\n        <p style=\"font-weight:bold;\">Which cat do you prefer?<\/p>\n    <\/span>\n    <script src=\"conjoint.js\"><\/script>","QuestionJS":"Qualtrics.SurveyEngine.addOnload(function()\n{\n\t\/*Place your JavaScript here to run when the page loads*\/\n\t\n\thttps:\/\/github.com\/davidbau\/seedrandom\/blob\/released\/seedrandom.min.js\n    !function(a,b){function c(c,j,k){var n=[];j=1==j?{entropy:!0}:j||{};var s=g(f(j.entropy?[c,i(a)]:null==c?h():c,3),n),t=new d(n),u=function(){for(var a=t.g(m),b=p,c=0;q>a;)a=(a+c)*l,b*=l,c=t.g(1);for(;a>=r;)a\/=2,b\/=2,c>>>=1;return(a+c)\/b};return u.int32=function(){return 0|t.g(4)},u.quick=function(){return t.g(4)\/4294967296},u[\"double\"]=u,g(i(t.S),a),(j.pass||k||function(a,c,d,f){return f&&(f.S&&e(f,t),a.state=function(){return e(t,{})}),d?(b[o]=a,c):a})(u,s,\"global\"in j?j.global:this==b,j.state)}function d(a){var b,c=a.length,d=this,e=0,f=d.i=d.j=0,g=d.S=[];for(c||(a=[c++]);l>e;)g[e]=e++;for(e=0;l>e;e++)g[e]=g[f=s&f+a[e%c]+(b=g[e])],g[f]=b;(d.g=function(a){for(var b,c=0,e=d.i,f=d.j,g=d.S;a--;)b=g[e=s&e+1],c=c*l+g[s&(g[e]=g[f=s&f+b])+(g[f]=b)];return d.i=e,d.j=f,c})(l)}function e(a,b){return b.i=a.i,b.j=a.j,b.S=a.S.slice(),b}function f(a,b){var c,d=[],e=typeof a;if(b&&\"object\"==e)for(c in a)try{d.push(f(a[c],b-1))}catch(g){}return d.length?d:\"string\"==e?a:a+\"\\0\"}function g(a,b){for(var c,d=a+\"\",e=0;e<d.length;)b[s&e]=s&(c^=19*b[s&e])+d.charCodeAt(e++);return i(b)}function h(){try{if(j)return i(j.randomBytes(l));var b=new Uint8Array(l);return(k.crypto||k.msCrypto).getRandomValues(b),i(b)}catch(c){var d=k.navigator,e=d&&d.plugins;return[+new Date,k,e,k.screen,i(a)]}}function i(a){return String.fromCharCode.apply(0,a)}var j,k=this,l=256,m=6,n=52,o=\"random\",p=b.pow(l,m),q=b.pow(2,n),r=2*q,s=l-1;if(b[\"seed\"+o]=c,g(b.random(),a),\"object\"==typeof module&&module.exports){module.exports=c;try{j=require(\"crypto\")}catch(t){}}else\"function\"==typeof define&&define.amd&&define(function(){return c})}([],Math);\n\n\/\/ seed random number generator from embedded data fields\n\/\/ conjoint profile 1\n\/\/Math.seedrandom('${e:\/\/Field\/seed1}');\n\/\/ conjoint profile 2\n\/\/Math.seedrandom('${e:\/\/Field\/seed2}');\n\/\/ conjoint profile 3\nMath.seedrandom('${e:\/\/Field\/seed3}');\n\/\/ conjoint profile 4\n\/\/Math.seedrandom('${e:\/\/Field\/seed4}');\n\/\/ conjoint profile 5\n\/\/Math.seedrandom('${e:\/\/Field\/seed5}');\n\n\/\/ Create Variables for Traits associated with each dimension.\nvar vsex = [\"Male\", \"Female\"];\nvar vage = [\"3 months\", \"6 months\", \"1 year\", \"3 years\", \"7 years\", \"11 years\"]\nvar vcolor = [\"Black\", \"Light Brown\", \"White\", \"Light Grey\"]\nvar vlength = [\"Long hair\", \"Short Hair\"]\nvar vbreed = [\"Bengal\", \"Maine Coon\", \"Persian\", \"Moggie\"]\nvar vcharacter = [\"Energetic and cuddly\", \"Sleepy and solitary\", \"Energetic and solitary\", \"Sleepy and cuddly\"]\n\n\/\/ Use math.random to randomly select traits for each dimension for candidate A\ntraits_a = [vsex[Math.floor(Math.random()*vsex.length)],\n            vage[Math.floor(Math.random()*vage.length)],\n            vcolor[Math.floor(Math.random()*vcolor.length)],\n            vlength[Math.floor(Math.random()*vlength.length)],\n            vbreed[Math.floor(Math.random()*vbreed.length)],\n            vcharacter[Math.floor(Math.random()*vcharacter.length)]]\n\n\/\/ Use math.random to randomly select traits for each dimension for candidate B\ntraits_b = [vsex[Math.floor(Math.random()*vsex.length)],\nvage[Math.floor(Math.random()*vage.length)],\nvcolor[Math.floor(Math.random()*vcolor.length)],\nvlength[Math.floor(Math.random()*vlength.length)],\nvbreed[Math.floor(Math.random()*vbreed.length)],\nvcharacter[Math.floor(Math.random()*vcharacter.length)]]\n\n\/\/ Create list of variables to use when setting attributes\na_list = [\"a1\",\"a2\",\"a3\",\"a4\",\"a5\",\"a6\"];\nb_list = [\"b1\",\"b2\",\"b3\",\"b4\",\"b5\",\"b6\"];\n\n\/\/ set html values in conjoint table\nfor(i=0;i<6;i++){\n        document.getElementById(a_list[i]).innerHTML = traits_a[i];\n        document.getElementById(b_list[i]).innerHTML = traits_b[i];\n}\n\n\/\/ store values as embedded data fields\nQualtrics.SurveyEngine.setEmbeddedData('traits3a', traits_a.join(\"|\"));\nQualtrics.SurveyEngine.setEmbeddedData('traits3b', traits_b.join(\"|\"));\n\n\/\/Qualtrics.SurveyEngine.setEmbeddedData('traits2a', traits_a.join(\"|\"));\n\/\/Qualtrics.SurveyEngine.setEmbeddedData('traits2b', traits_b.join(\"|\"));\n\n\/\/Qualtrics.SurveyEngine.setEmbeddedData('traits3a', traits_a.join(\"|\"));\n\/\/Qualtrics.SurveyEngine.setEmbeddedData('traits3b', traits_b.join(\"|\"));\n\n\/\/Qualtrics.SurveyEngine.setEmbeddedData('traits4a', traits_a.join(\"|\"));\n\/\/Qualtrics.SurveyEngine.setEmbeddedData('traits4b', traits_b.join(\"|\"));\n\n\/\/Qualtrics.SurveyEngine.setEmbeddedData('traits5a', traits_a.join(\"|\"));\n\/\/Qualtrics.SurveyEngine.setEmbeddedData('traits5b', traits_b.join(\"|\"));\n\n});\n\nQualtrics.SurveyEngine.addOnReady(function()\n{\n\t\/*Place your JavaScript here to run when the page is fully displayed*\/\n\n});\n\nQualtrics.SurveyEngine.addOnUnload(function()\n{\n\t\/*Place your JavaScript here to run when the page is unloaded*\/\n\n});","DataExportTag":"conjoint_task3","QuestionType":"MC","Selector":"SAVR","SubSelector":"TX","DataVisibility":{"Private":false,"Hidden":false},"Configuration":{"QuestionDescriptionOption":"UseText","Autoscale":{"YScale":{"Name":"ReasonableUnreasonable","Type":"likert","Reverse":false}}},"QuestionDescription":"Cat A Cat B Which cat do you prefer?","Choices":{"1":{"Display":"Cat A"},"2":{"Display":"Cat B"}},"ChoiceOrder":[1,2],"Validation":{"Settings":{"ForceResponse":"OFF","ForceResponseType":"ON","Type":"None"}},"Language":[],"NextChoiceId":3,"NextAnswerId":1,"QuestionID":"QID4"}},{"SurveyID":"SV_03AAGFEmwuXxkwe","Element":"SQ","PrimaryAttribute":"QID2","SecondaryAttribute":"Click to write the question text","TertiaryAttribute":null,"Payload":{"QuestionText":"Click to write the question text","DataExportTag":"Q2","QuestionType":"MC","Selector":"SAVR","SubSelector":"TX","Configuration":{"QuestionDescriptionOption":"UseText"},"QuestionDescription":"Click to write the question text","Choices":{"1":{"Display":"Click to write Choice 1"},"2":{"Display":"Click to write Choice 2"},"3":{"Display":"Click to write Choice 3"}},"ChoiceOrder":["1","2","3"],"Validation":{"Settings":{"ForceResponse":"OFF","ForceResponseType":"ON","Type":"None"}},"Language":[],"NextChoiceId":4,"NextAnswerId":1,"QuestionID":"QID2"}},{"SurveyID":"SV_03AAGFEmwuXxkwe","Element":"RS","PrimaryAttribute":"RS_1LIHWzUXLI1PJcO","SecondaryAttribute":"Default Response Set","TertiaryAttribute":null,"Payload":null},{"SurveyID":"SV_03AAGFEmwuXxkwe","Element":"SQ","PrimaryAttribute":"QID1","SecondaryAttribute":"On this and the next few screens you will pairs of cats who are waiting to be adopted. For each p...","TertiaryAttribute":null,"Payload":{"QuestionText":"On this and the next few screens you will pairs of cats who are waiting to be adopted. For each pair, please select the cat that you prefer. \n\n<font size = \"3\"> \n\n<style>\ntable {\n    border-collapse: collapse;\n    \n}\n\ntable, td, th {\n    border: 1px solid black;\n}\n<\/style>\n\n    \n    <table border=1 frame=hsides rules=row style=\"width:90%; align:center; margin-left:auto; margin-right:auto; text-align:center; table-layout:fixed;\" cellspacing=\"4\" border-collapse: collapse;>\n        <tr border-bottom: 1px solid black;>\n            <td style=\"font-weight:bold; font-size:1.25em; font-align:center;\">Cat A<\/td>\n            <td style=\"font-weight:bold; font-size:1.25em; font-align:center;\">Cat B<\/td>\n        <\/tr>\n        <tr border-bottom: 1px solid black;>\n            <td id=\"a1\"><\/td>\n            <td id=\"b1\"><\/td>\n        <\/tr>\n        <tr>\n            <td id=\"a2\"><\/td>\n            <td id=\"b2\"><\/td>\n        <\/tr>\n        <tr>\n            <td id=\"a3\"><\/td>\n            <td id=\"b3\"><\/td>\n        <\/tr>\n        <tr>\n            <td id=\"a4\"><\/td>\n            <td id=\"b4\"><\/td>\n        <\/tr>\n        <tr>\n            <td id=\"a5\"><\/td>\n            <td id=\"b5\"><\/td>\n        <\/tr>\n        <tr>\n            <td id=\"a6\"><\/td>\n            <td id=\"b6\"><\/td>\n        <\/tr>\n    <\/table>\n    <\/font>\n    <br \/>\n    <span>\n        <p style=\"font-weight:bold;\">Which cat do you prefer?<\/p>\n    <\/span>\n    <script src=\"conjoint.js\"><\/script>","DataExportTag":"conjoint_task1","QuestionType":"MC","Selector":"SAVR","SubSelector":"TX","Configuration":{"QuestionDescriptionOption":"UseText","Autoscale":{"YScale":{"Name":"ReasonableUnreasonable","Type":"likert","Reverse":false}}},"QuestionDescription":"On this and the next few screens you will pairs of cats who are waiting to be adopted. For each p...","Choices":{"1":{"Display":"Cat A"},"2":{"Display":"Cat B"}},"ChoiceOrder":[1,2],"Validation":{"Settings":{"ForceResponse":"OFF","ForceResponseType":"ON","Type":"None"}},"Language":[],"NextChoiceId":3,"NextAnswerId":1,"QuestionID":"QID1","QuestionJS":"Qualtrics.SurveyEngine.addOnload(function()\n{\n\t\/*Place your JavaScript here to run when the page loads*\/\n\t\n\thttps:\/\/github.com\/davidbau\/seedrandom\/blob\/released\/seedrandom.min.js\n    !function(a,b){function c(c,j,k){var n=[];j=1==j?{entropy:!0}:j||{};var s=g(f(j.entropy?[c,i(a)]:null==c?h():c,3),n),t=new d(n),u=function(){for(var a=t.g(m),b=p,c=0;q>a;)a=(a+c)*l,b*=l,c=t.g(1);for(;a>=r;)a\/=2,b\/=2,c>>>=1;return(a+c)\/b};return u.int32=function(){return 0|t.g(4)},u.quick=function(){return t.g(4)\/4294967296},u[\"double\"]=u,g(i(t.S),a),(j.pass||k||function(a,c,d,f){return f&&(f.S&&e(f,t),a.state=function(){return e(t,{})}),d?(b[o]=a,c):a})(u,s,\"global\"in j?j.global:this==b,j.state)}function d(a){var b,c=a.length,d=this,e=0,f=d.i=d.j=0,g=d.S=[];for(c||(a=[c++]);l>e;)g[e]=e++;for(e=0;l>e;e++)g[e]=g[f=s&f+a[e%c]+(b=g[e])],g[f]=b;(d.g=function(a){for(var b,c=0,e=d.i,f=d.j,g=d.S;a--;)b=g[e=s&e+1],c=c*l+g[s&(g[e]=g[f=s&f+b])+(g[f]=b)];return d.i=e,d.j=f,c})(l)}function e(a,b){return b.i=a.i,b.j=a.j,b.S=a.S.slice(),b}function f(a,b){var c,d=[],e=typeof a;if(b&&\"object\"==e)for(c in a)try{d.push(f(a[c],b-1))}catch(g){}return d.length?d:\"string\"==e?a:a+\"\\0\"}function g(a,b){for(var c,d=a+\"\",e=0;e<d.length;)b[s&e]=s&(c^=19*b[s&e])+d.charCodeAt(e++);return i(b)}function h(){try{if(j)return i(j.randomBytes(l));var b=new Uint8Array(l);return(k.crypto||k.msCrypto).getRandomValues(b),i(b)}catch(c){var d=k.navigator,e=d&&d.plugins;return[+new Date,k,e,k.screen,i(a)]}}function i(a){return String.fromCharCode.apply(0,a)}var j,k=this,l=256,m=6,n=52,o=\"random\",p=b.pow(l,m),q=b.pow(2,n),r=2*q,s=l-1;if(b[\"seed\"+o]=c,g(b.random(),a),\"object\"==typeof module&&module.exports){module.exports=c;try{j=require(\"crypto\")}catch(t){}}else\"function\"==typeof define&&define.amd&&define(function(){return c})}([],Math);\n\n\/\/ seed random number generator from embedded data fields\n\/\/ conjoint profile 1\nMath.seedrandom('${e:\/\/Field\/seed1}');\n\/\/ conjoint profile 2\n\/\/Math.seedrandom('${e:\/\/Field\/seed2}');\n\/\/ conjoint profile 3\n\/\/Math.seedrandom('${e:\/\/Field\/seed3}');\n\/\/ conjoint profile 4\n\/\/Math.seedrandom('${e:\/\/Field\/seed4}');\n\/\/ conjoint profile 5\n\/\/Math.seedrandom('${e:\/\/Field\/seed5}');\n\n\/\/ Create Variables for Traits associated with each dimension.\nvar vsex = [\"Male\", \"Female\"];\nvar vage = [\"3 months\", \"6 months\", \"1 year\", \"3 years\", \"7 years\", \"11 years\"]\nvar vcolor = [\"Black\", \"Light Brown\", \"White\", \"Light Grey\"]\nvar vlength = [\"Long hair\", \"Short Hair\"]\nvar vbreed = [\"Bengal\", \"Maine Coon\", \"Persian\", \"Moggie\"]\nvar vcharacter = [\"Energetic and cuddly\", \"Sleepy and solitary\", \"Energetic and solitary\", \"Sleepy and cuddly\"]\n\n\/\/ Use math.random to randomly select traits for each dimension for candidate A\ntraits_a = [vsex[Math.floor(Math.random()*vsex.length)],\n            vage[Math.floor(Math.random()*vage.length)],\n            vcolor[Math.floor(Math.random()*vcolor.length)],\n            vlength[Math.floor(Math.random()*vlength.length)],\n            vbreed[Math.floor(Math.random()*vbreed.length)],\n            vcharacter[Math.floor(Math.random()*vcharacter.length)]]\n\n\/\/ Use math.random to randomly select traits for each dimension for candidate B\ntraits_b = [vsex[Math.floor(Math.random()*vsex.length)],\nvage[Math.floor(Math.random()*vage.length)],\nvcolor[Math.floor(Math.random()*vcolor.length)],\nvlength[Math.floor(Math.random()*vlength.length)],\nvbreed[Math.floor(Math.random()*vbreed.length)],\nvcharacter[Math.floor(Math.random()*vcharacter.length)]]\n\n\/\/ Create list of variables to use when setting attributes\na_list = [\"a1\",\"a2\",\"a3\",\"a4\",\"a5\",\"a6\"];\nb_list = [\"b1\",\"b2\",\"b3\",\"b4\",\"b5\",\"b6\"];\n\n\/\/ set html values in conjoint table\nfor(i=0;i<6;i++){\n        document.getElementById(a_list[i]).innerHTML = traits_a[i];\n        document.getElementById(b_list[i]).innerHTML = traits_b[i];\n}\n\n\/\/ store values as embedded data fields\nQualtrics.SurveyEngine.setEmbeddedData('traits1a', traits_a.join(\"|\"));\nQualtrics.SurveyEngine.setEmbeddedData('traits1b', traits_b.join(\"|\"));\n\n\/\/Qualtrics.SurveyEngine.setEmbeddedData('traits2a', traits_a.join(\"|\"));\n\/\/Qualtrics.SurveyEngine.setEmbeddedData('traits2b', traits_b.join(\"|\"));\n\n\/\/Qualtrics.SurveyEngine.setEmbeddedData('traits3a', traits_a.join(\"|\"));\n\/\/Qualtrics.SurveyEngine.setEmbeddedData('traits3b', traits_b.join(\"|\"));\n\n\/\/Qualtrics.SurveyEngine.setEmbeddedData('traits4a', traits_a.join(\"|\"));\n\/\/Qualtrics.SurveyEngine.setEmbeddedData('traits4b', traits_b.join(\"|\"));\n\n\/\/Qualtrics.SurveyEngine.setEmbeddedData('traits5a', traits_a.join(\"|\"));\n\/\/Qualtrics.SurveyEngine.setEmbeddedData('traits5b', traits_b.join(\"|\"));\n\n});\n\nQualtrics.SurveyEngine.addOnReady(function()\n{\n\t\/*Place your JavaScript here to run when the page is fully displayed*\/\n\n});\n\nQualtrics.SurveyEngine.addOnUnload(function()\n{\n\t\/*Place your JavaScript here to run when the page is unloaded*\/\n\n});","DataVisibility":{"Private":false,"Hidden":false}}}]}